
Microsoft Visual Studio Solution File, Format Version 12.00
# Visual Studio Version 16
VisualStudioVersion = 16.0.31702.278
MinimumVisualStudioVersion = 10.0.40219.1
Project("{9A19103F-16F7-4668-BE54-9A1E7A4F7556}") = "GO.API", "GO.API\GO.API.csproj", "{1536FB74-0506-4CA5-8260-37A1D863EFD8}"
EndProject
Project("{9A19103F-16F7-4668-BE54-9A1E7A4F7556}") = "GO.Domain", "GO.Domain\GO.Domain.csproj", "{3ECB2EFC-6149-4CAA-9F96-1A0A1F62121F}"
EndProject
Project("{9A19103F-16F7-4668-BE54-9A1E7A4F7556}") = "GO.Commands", "GO.Commands\GO.Commands.csproj", "{54D0F96F-AF34-4AFF-B96D-63B36AD98A9F}"
EndProject
Project("{9A19103F-16F7-4668-BE54-9A1E7A4F7556}") = "GO.Commands.Handlers", "GO.Commands.Handlers\GO.Commands.Handlers.csproj", "{5EE00D0E-DFCE-48B1-90FF-68BAA1F0092A}"
EndProject
Project("{9A19103F-16F7-4668-BE54-9A1E7A4F7556}") = "GO.Commands.Validators", "GO.Commands.Validators\GO.Commands.Validators.csproj", "{C3DB5B22-F5E6-45A5-922A-12DE2B776B4B}"
EndProject
Project("{9A19103F-16F7-4668-BE54-9A1E7A4F7556}") = "GO.Queries", "GO.Queries\GO.Queries.csproj", "{F0E52153-EB66-4036-8BFA-CC2A2B20E891}"
	ProjectSection(ProjectDependencies) = postProject
		{3ECB2EFC-6149-4CAA-9F96-1A0A1F62121F} = {3ECB2EFC-6149-4CAA-9F96-1A0A1F62121F}
	EndProjectSection
EndProject
Project("{9A19103F-16F7-4668-BE54-9A1E7A4F7556}") = "GO.Queries.Handlers", "GO.Queries.Handlers\GO.Queries.Handlers.csproj", "{A1EE4814-B870-4145-B214-EC29A104FF21}"
	ProjectSection(ProjectDependencies) = postProject
		{F0E52153-EB66-4036-8BFA-CC2A2B20E891} = {F0E52153-EB66-4036-8BFA-CC2A2B20E891}
	EndProjectSection
EndProject
Project("{9A19103F-16F7-4668-BE54-9A1E7A4F7556}") = "GO.Queries.Validators", "GO.Queries.Validators\GO.Queries.Validators.csproj", "{8BB1FDFE-FA4C-41A5-8257-BD11105BBD94}"
	ProjectSection(ProjectDependencies) = postProject
		{F0E52153-EB66-4036-8BFA-CC2A2B20E891} = {F0E52153-EB66-4036-8BFA-CC2A2B20E891}
	EndProjectSection
EndProject
Project("{9A19103F-16F7-4668-BE54-9A1E7A4F7556}") = "GO.DataAccess.MsSql", "GO.DataAccess.MsSql\GO.DataAccess.MsSql.csproj", "{BE0E310E-078A-48AB-8B5B-DF5370D02120}"
EndProject
Project("{2150E333-8FDC-42A3-9474-1A3956D46DE8}") = "Tests", "Tests", "{BC6BED32-DCC7-4B51-927A-963AE35CBF00}"
EndProject
Project("{9A19103F-16F7-4668-BE54-9A1E7A4F7556}") = "GO.UnitTests", "GO.UnitTests\GO.UnitTests.csproj", "{0E56F2EE-E026-46FD-98F9-CC92FB51326E}"
EndProject
Project("{FAE04EC0-301F-11D3-BF4B-00C04F79EFBC}") = "GO.BackgroundJobs", "GO.BackgroundJobs\GO.BackgroundJobs.csproj", "{1212C49E-08BB-4509-B2FA-854975F19E13}"
EndProject
Project("{FAE04EC0-301F-11D3-BF4B-00C04F79EFBC}") = "GO.Integrations.TelegramBot", "GO.Integrations.TelegramBot\GO.Integrations.TelegramBot.csproj", "{14296626-A526-465F-90D5-7B948CBF3D47}"
EndProject
Project("{2150E333-8FDC-42A3-9474-1A3956D46DE8}") = "Commands", "Commands", "{45452A5B-D90D-4D0B-BD5F-6C51F023EDAD}"
EndProject
Project("{2150E333-8FDC-42A3-9474-1A3956D46DE8}") = "Queries", "Queries", "{49E5F666-72D5-49EC-A269-300D00069327}"
EndProject
Global
	GlobalSection(SolutionConfigurationPlatforms) = preSolution
		Debug|Any CPU = Debug|Any CPU
		Release|Any CPU = Release|Any CPU
	EndGlobalSection
	GlobalSection(ProjectConfigurationPlatforms) = postSolution
		{1536FB74-0506-4CA5-8260-37A1D863EFD8}.Debug|Any CPU.ActiveCfg = Debug|Any CPU
		{1536FB74-0506-4CA5-8260-37A1D863EFD8}.Debug|Any CPU.Build.0 = Debug|Any CPU
		{1536FB74-0506-4CA5-8260-37A1D863EFD8}.Release|Any CPU.ActiveCfg = Release|Any CPU
		{1536FB74-0506-4CA5-8260-37A1D863EFD8}.Release|Any CPU.Build.0 = Release|Any CPU
		{3ECB2EFC-6149-4CAA-9F96-1A0A1F62121F}.Debug|Any CPU.ActiveCfg = Debug|Any CPU
		{3ECB2EFC-6149-4CAA-9F96-1A0A1F62121F}.Debug|Any CPU.Build.0 = Debug|Any CPU
		{3ECB2EFC-6149-4CAA-9F96-1A0A1F62121F}.Release|Any CPU.ActiveCfg = Release|Any CPU
		{3ECB2EFC-6149-4CAA-9F96-1A0A1F62121F}.Release|Any CPU.Build.0 = Release|Any CPU
		{54D0F96F-AF34-4AFF-B96D-63B36AD98A9F}.Debug|Any CPU.ActiveCfg = Debug|Any CPU
		{54D0F96F-AF34-4AFF-B96D-63B36AD98A9F}.Debug|Any CPU.Build.0 = Debug|Any CPU
		{54D0F96F-AF34-4AFF-B96D-63B36AD98A9F}.Release|Any CPU.ActiveCfg = Release|Any CPU
		{54D0F96F-AF34-4AFF-B96D-63B36AD98A9F}.Release|Any CPU.Build.0 = Release|Any CPU
		{5EE00D0E-DFCE-48B1-90FF-68BAA1F0092A}.Debug|Any CPU.ActiveCfg = Debug|Any CPU
		{5EE00D0E-DFCE-48B1-90FF-68BAA1F0092A}.Debug|Any CPU.Build.0 = Debug|Any CPU
		{5EE00D0E-DFCE-48B1-90FF-68BAA1F0092A}.Release|Any CPU.ActiveCfg = Release|Any CPU
		{5EE00D0E-DFCE-48B1-90FF-68BAA1F0092A}.Release|Any CPU.Build.0 = Release|Any CPU
		{C3DB5B22-F5E6-45A5-922A-12DE2B776B4B}.Debug|Any CPU.ActiveCfg = Debug|Any CPU
		{C3DB5B22-F5E6-45A5-922A-12DE2B776B4B}.Debug|Any CPU.Build.0 = Debug|Any CPU
		{C3DB5B22-F5E6-45A5-922A-12DE2B776B4B}.Release|Any CPU.ActiveCfg = Release|Any CPU
		{C3DB5B22-F5E6-45A5-922A-12DE2B776B4B}.Release|Any CPU.Build.0 = Release|Any CPU
		{F0E52153-EB66-4036-8BFA-CC2A2B20E891}.Debug|Any CPU.ActiveCfg = Debug|Any CPU
		{F0E52153-EB66-4036-8BFA-CC2A2B20E891}.Debug|Any CPU.Build.0 = Debug|Any CPU
		{F0E52153-EB66-4036-8BFA-CC2A2B20E891}.Release|Any CPU.ActiveCfg = Release|Any CPU
		{F0E52153-EB66-4036-8BFA-CC2A2B20E891}.Release|Any CPU.Build.0 = Release|Any CPU
		{A1EE4814-B870-4145-B214-EC29A104FF21}.Debug|Any CPU.ActiveCfg = Debug|Any CPU
		{A1EE4814-B870-4145-B214-EC29A104FF21}.Debug|Any CPU.Build.0 = Debug|Any CPU
		{A1EE4814-B870-4145-B214-EC29A104FF21}.Release|Any CPU.ActiveCfg = Release|Any CPU
		{A1EE4814-B870-4145-B214-EC29A104FF21}.Release|Any CPU.Build.0 = Release|Any CPU
		{8BB1FDFE-FA4C-41A5-8257-BD11105BBD94}.Debug|Any CPU.ActiveCfg = Debug|Any CPU
		{8BB1FDFE-FA4C-41A5-8257-BD11105BBD94}.Debug|Any CPU.Build.0 = Debug|Any CPU
		{8BB1FDFE-FA4C-41A5-8257-BD11105BBD94}.Release|Any CPU.ActiveCfg = Release|Any CPU
		{8BB1FDFE-FA4C-41A5-8257-BD11105BBD94}.Release|Any CPU.Build.0 = Release|Any CPU
		{BE0E310E-078A-48AB-8B5B-DF5370D02120}.Debug|Any CPU.ActiveCfg = Debug|Any CPU
		{BE0E310E-078A-48AB-8B5B-DF5370D02120}.Debug|Any CPU.Build.0 = Debug|Any CPU
		{BE0E310E-078A-48AB-8B5B-DF5370D02120}.Release|Any CPU.ActiveCfg = Release|Any CPU
		{BE0E310E-078A-48AB-8B5B-DF5370D02120}.Release|Any CPU.Build.0 = Release|Any CPU
		{0E56F2EE-E026-46FD-98F9-CC92FB51326E}.Debug|Any CPU.ActiveCfg = Debug|Any CPU
		{0E56F2EE-E026-46FD-98F9-CC92FB51326E}.Debug|Any CPU.Build.0 = Debug|Any CPU
		{0E56F2EE-E026-46FD-98F9-CC92FB51326E}.Release|Any CPU.ActiveCfg = Release|Any CPU
		{0E56F2EE-E026-46FD-98F9-CC92FB51326E}.Release|Any CPU.Build.0 = Release|Any CPU
		{1212C49E-08BB-4509-B2FA-854975F19E13}.Debug|Any CPU.ActiveCfg = Debug|Any CPU
		{1212C49E-08BB-4509-B2FA-854975F19E13}.Debug|Any CPU.Build.0 = Debug|Any CPU
		{1212C49E-08BB-4509-B2FA-854975F19E13}.Release|Any CPU.ActiveCfg = Release|Any CPU
		{1212C49E-08BB-4509-B2FA-854975F19E13}.Release|Any CPU.Build.0 = Release|Any CPU
		{14296626-A526-465F-90D5-7B948CBF3D47}.Debug|Any CPU.ActiveCfg = Debug|Any CPU
		{14296626-A526-465F-90D5-7B948CBF3D47}.Debug|Any CPU.Build.0 = Debug|Any CPU
		{14296626-A526-465F-90D5-7B948CBF3D47}.Release|Any CPU.ActiveCfg = Release|Any CPU
		{14296626-A526-465F-90D5-7B948CBF3D47}.Release|Any CPU.Build.0 = Release|Any CPU
	EndGlobalSection
	GlobalSection(SolutionProperties) = preSolution
		HideSolutionNode = FALSE
	EndGlobalSection
	GlobalSection(NestedProjects) = preSolution
		{54D0F96F-AF34-4AFF-B96D-63B36AD98A9F} = {45452A5B-D90D-4D0B-BD5F-6C51F023EDAD}
		{5EE00D0E-DFCE-48B1-90FF-68BAA1F0092A} = {45452A5B-D90D-4D0B-BD5F-6C51F023EDAD}
		{C3DB5B22-F5E6-45A5-922A-12DE2B776B4B} = {45452A5B-D90D-4D0B-BD5F-6C51F023EDAD}
		{F0E52153-EB66-4036-8BFA-CC2A2B20E891} = {49E5F666-72D5-49EC-A269-300D00069327}
		{A1EE4814-B870-4145-B214-EC29A104FF21} = {49E5F666-72D5-49EC-A269-300D00069327}
		{8BB1FDFE-FA4C-41A5-8257-BD11105BBD94} = {49E5F666-72D5-49EC-A269-300D00069327}
		{0E56F2EE-E026-46FD-98F9-CC92FB51326E} = {BC6BED32-DCC7-4B51-927A-963AE35CBF00}
	EndGlobalSection
	GlobalSection(ExtensibilityGlobals) = postSolution
		SolutionGuid = {10087669-2011-48BB-9DC0-6CA91FBF940A}
	EndGlobalSection
EndGlobal
